dependencies:
- name: cp-schema-registry
  repository: file://./sub_charts/cp-schema-registry
  version: 0.1.1
- name: cp-kafka-rest
  repository: file://./sub_charts/cp-kafka-rest
  version: 0.1.5
- name: archival-kafka-connect
  repository: file://./sub_charts/archival-kafka-connect
  version: 0.1.1
- name: es-kafka-connect
  repository: file://./sub_charts/es-kafka-connect
  version: 0.1.4
- name: authenticator
  repository: file://./sub_charts/authenticator
  version: 0.1.1
- name: sfk-interface
  repository: file://./sub_charts/sfk-interface
  version: 0.1.2
- name: signatures-and-kafka-apis
  repository: file://./sub_charts/signatures-and-kafka-apis
  version: 0.1.1
- name: minio
  repository: file://./sub_charts/minio
  version: 8.0.11
digest: sha256:a8063024aaffe4b50583212641d92519bcfcb1d1282a6c774bcb3ec7a881cbbf
generated: "2024-03-28T10:21:26.82703+05:30"
